{
  "name": "love-date-miniprogram",
  "version": "1.0.0",
  "lockfileVersion": 3,
  "requires": true,
  "packages": {
    "": {
      "name": "love-date-miniprogram",
      "version": "1.0.0",
      "dependencies": {
        "@tencent-ai/workbuddy-cloud-sdk": "dev"
      }
    },
    "node_modules/@tencent-ai/workbuddy-cloud-sdk": {
      "version": "0.1.3-dev.c090db7.202610050023",
      "resolved": "https://registry.npmjs.org/@tencent-ai/workbuddy-cloud-sdk/-/workbuddy-cloud-sdk-0.1.3-dev.c090db7.202610050023.tgz",
      "integrity": "sha512-erELaVc4gUovssHAtfPuV7SgzfyHS7WhVS/u19RJvLQBsZDZVUiyufmFrA1B9T2DtstE2tllX/hUucnUuk9Pwg==",
      "license": "MIT",
      "engines": {
        "node": ">=18"
      }
    }
  }
}
